// !$*UTF8*$!
{
	archiveVersion = 1;
	classes = {
	};
	objectVersion = 46;
	objects = {

/* Begin PBXBuildFile section */
		3C01171EFA39D702F432D029 /* Pods_KoaraXml_iOS.framework in Frameworks */ = {isa = PBXBuildFile; fileRef = 4D4E21BE4E56D285AC2C05A6 /* Pods_KoaraXml_iOS.framework */; };
		9D9F87F0A9635EEB577AF484 /* Pods_KoaraHtml_iOS_KoaraHtml_iOS_Tests.framework in Frameworks */ = {isa = PBXBuildFile; fileRef = BC62E1CDC401FE437052A6C7 /* Pods_KoaraHtml_iOS_KoaraHtml_iOS_Tests.framework */; };
		A18622421F82C01E0045DD15 /* Koara.framework in Frameworks */ = {isa = PBXBuildFile; fileRef = A18622411F82C01E0045DD15 /* Koara.framework */; };
		A1DA654B1F7A01DD00ABB93E /* KoaraHtml.framework in Frameworks */ = {isa = PBXBuildFile; fileRef = A1DA65421F7A01DD00ABB93E /* KoaraHtml.framework */; };
		A1DA65591F7A036D00ABB93E /* ComplianceTests.swift in Sources */ = {isa = PBXBuildFile; fileRef = A1DA653B1F7A00E800ABB93E /* ComplianceTests.swift */; };
		A1DA655A1F7A036D00ABB93E /* Html5RendererTests.swift in Sources */ = {isa = PBXBuildFile; fileRef = A1DA650F1F764BD200ABB93E /* Html5RendererTests.swift */; };
		A1DA655C1F7B4E6F00ABB93E /* Html5Renderer.swift in Sources */ = {isa = PBXBuildFile; fileRef = A1DA65091F764B9A00ABB93E /* Html5Renderer.swift */; };
		A1DA65811F7B517100ABB93E /* KoaraHtml.h in Headers */ = {isa = PBXBuildFile; fileRef = A1DA650B1F764B9A00ABB93E /* KoaraHtml.h */; settings = {ATTRIBUTES = (Public, ); }; };
		A1DA65821F7B543600ABB93E /* Html5Renderer.swift in Sources */ = {isa = PBXBuildFile; fileRef = A1DA65091F764B9A00ABB93E /* Html5Renderer.swift */; };
		ABA605A8B83C56144A4BC953 /* Pods_KoaraHtml_iOS.framework in Frameworks */ = {isa = PBXBuildFile; fileRef = FF3ABF60AAED7AD51B6EEBC3 /* Pods_KoaraHtml_iOS.framework */; };
		E0BFFD01AEAE43F4F6033E60 /* Pods_KoaraXml_iOS_KoaraXml_iOS_Tests.framework in Frameworks */ = {isa = PBXBuildFile; fileRef = 6E82305FC926E1786EAF58A0 /* Pods_KoaraXml_iOS_KoaraXml_iOS_Tests.framework */; };
/* End PBXBuildFile section */

/* Begin PBXContainerItemProxy section */
		A1DA654C1F7A01DD00ABB93E /* PBXContainerItemProxy */ = {
			isa = PBXContainerItemProxy;
			containerPortal = A1DA64BE1F76456800ABB93E /* Project object */;
			proxyType = 1;
			remoteGlobalIDString = A1DA65411F7A01DD00ABB93E;
			remoteInfo = "KoaraHtml iOS";
		};
/* End PBXContainerItemProxy section */

/* Begin PBXFileReference section */
		4D4E21BE4E56D285AC2C05A6 /* Pods_KoaraXml_iOS.framework */ = {isa = PBXFileReference; explicitFileType = wrapper.framework; includeInIndex = 0; path = Pods_KoaraXml_iOS.framework; sourceTree = BUILT_PRODUCTS_DIR; };
		621F7E87C4395472758439D5 /* Pods-KoaraHtml iOS.debug.xcconfig */ = {isa = PBXFileReference; includeInIndex = 1; lastKnownFileType = text.xcconfig; name = "Pods-KoaraHtml iOS.debug.xcconfig"; path = "Pods/Target Support Files/Pods-KoaraHtml iOS/Pods-KoaraHtml iOS.debug.xcconfig"; sourceTree = "<group>"; };
		6E82305FC926E1786EAF58A0 /* Pods_KoaraXml_iOS_KoaraXml_iOS_Tests.framework */ = {isa = PBXFileReference; explicitFileType = wrapper.framework; includeInIndex = 0; path = Pods_KoaraXml_iOS_KoaraXml_iOS_Tests.framework; sourceTree = BUILT_PRODUCTS_DIR; };
		78C0442D06F150845127B57C /* Pods-KoaraHtml iOS-KoaraHtml iOS Tests.release.xcconfig */ = {isa = PBXFileReference; includeInIndex = 1; lastKnownFileType = text.xcconfig; name = "Pods-KoaraHtml iOS-KoaraHtml iOS Tests.release.xcconfig"; path = "Pods/Target Support Files/Pods-KoaraHtml iOS-KoaraHtml iOS Tests/Pods-KoaraHtml iOS-KoaraHtml iOS Tests.release.xcconfig"; sourceTree = "<group>"; };
		7A14CF02B1FAFDA09E6DF065 /* Pods-KoaraXml iOS.release.xcconfig */ = {isa = PBXFileReference; includeInIndex = 1; lastKnownFileType = text.xcconfig; name = "Pods-KoaraXml iOS.release.xcconfig"; path = "Pods/Target Support Files/Pods-KoaraXml iOS/Pods-KoaraXml iOS.release.xcconfig"; sourceTree = "<group>"; };
		A18622411F82C01E0045DD15 /* Koara.framework */ = {isa = PBXFileReference; lastKnownFileType = wrapper.framework; name = Koara.framework; path = "../../../Library/Developer/Xcode/DerivedData/KoaraHtml-hkkudnzdqdjekvagezpbqcjirjvx/Build/Products/Debug-iphonesimulator/Koara/Koara.framework"; sourceTree = "<group>"; };
		A1DA65091F764B9A00ABB93E /* Html5Renderer.swift */ = {isa = PBXFileReference; fileEncoding = 4; lastKnownFileType = sourcecode.swift; name = Html5Renderer.swift; path = Source/Html5Renderer.swift; sourceTree = SOURCE_ROOT; };
		A1DA650A1F764B9A00ABB93E /* Info.plist */ = {isa = PBXFileReference; fileEncoding = 4; lastKnownFileType = text.plist.xml; name = Info.plist; path = Source/Info.plist; sourceTree = SOURCE_ROOT; };
		A1DA650B1F764B9A00ABB93E /* KoaraHtml.h */ = {isa = PBXFileReference; fileEncoding = 4; lastKnownFileType = sourcecode.c.h; name = KoaraHtml.h; path = Source/KoaraHtml.h; sourceTree = SOURCE_ROOT; };
		A1DA650F1F764BD200ABB93E /* Html5RendererTests.swift */ = {isa = PBXFileReference; fileEncoding = 4; lastKnownFileType = sourcecode.swift; name = Html5RendererTests.swift; path = Tests/Html5RendererTests.swift; sourceTree = SOURCE_ROOT; };
		A1DA65101F764BD200ABB93E /* Info.plist */ = {isa = PBXFileReference; fileEncoding = 4; lastKnownFileType = text.plist.xml; name = Info.plist; path = Tests/Info.plist; sourceTree = SOURCE_ROOT; };
		A1DA653B1F7A00E800ABB93E /* ComplianceTests.swift */ = {isa = PBXFileReference; fileEncoding = 4; lastKnownFileType = sourcecode.swift; name = ComplianceTests.swift; path = Tests/ComplianceTests.swift; sourceTree = SOURCE_ROOT; };
		A1DA65421F7A01DD00ABB93E /* KoaraHtml.framework */ = {isa = PBXFileReference; explicitFileType = wrapper.framework; includeInIndex = 0; path = KoaraHtml.framework; sourceTree = BUILT_PRODUCTS_DIR; };
		A1DA654A1F7A01DD00ABB93E /* KoaraXml iOS Tests.xctest */ = {isa = PBXFileReference; explicitFileType = wrapper.cfbundle; includeInIndex = 0; path = "KoaraXml iOS Tests.xctest"; sourceTree = BUILT_PRODUCTS_DIR; };
		A1F3EF8C533778F3BC0DD674 /* Pods-KoaraHtml iOS-KoaraHtml iOS Tests.debug.xcconfig */ = {isa = PBXFileReference; includeInIndex = 1; lastKnownFileType = text.xcconfig; name = "Pods-KoaraHtml iOS-KoaraHtml iOS Tests.debug.xcconfig"; path = "Pods/Target Support Files/Pods-KoaraHtml iOS-KoaraHtml iOS Tests/Pods-KoaraHtml iOS-KoaraHtml iOS Tests.debug.xcconfig"; sourceTree = "<group>"; };
		BC62E1CDC401FE437052A6C7 /* Pods_KoaraHtml_iOS_KoaraHtml_iOS_Tests.framework */ = {isa = PBXFileReference; explicitFileType = wrapper.framework; includeInIndex = 0; path = Pods_KoaraHtml_iOS_KoaraHtml_iOS_Tests.framework; sourceTree = BUILT_PRODUCTS_DIR; };
		C521064A677DFEC221167A49 /* Pods-KoaraXml iOS.debug.xcconfig */ = {isa = PBXFileReference; includeInIndex = 1; lastKnownFileType = text.xcconfig; name = "Pods-KoaraXml iOS.debug.xcconfig"; path = "Pods/Target Support Files/Pods-KoaraXml iOS/Pods-KoaraXml iOS.debug.xcconfig"; sourceTree = "<group>"; };
		E929238C18D1A3CF011DCF9E /* Pods-KoaraXml iOS-KoaraXml iOS Tests.debug.xcconfig */ = {isa = PBXFileReference; includeInIndex = 1; lastKnownFileType = text.xcconfig; name = "Pods-KoaraXml iOS-KoaraXml iOS Tests.debug.xcconfig"; path = "Pods/Target Support Files/Pods-KoaraXml iOS-KoaraXml iOS Tests/Pods-KoaraXml iOS-KoaraXml iOS Tests.debug.xcconfig"; sourceTree = "<group>"; };
		F16B77ED204622C8D07562C4 /* Pods-KoaraXml iOS-KoaraXml iOS Tests.release.xcconfig */ = {isa = PBXFileReference; includeInIndex = 1; lastKnownFileType = text.xcconfig; name = "Pods-KoaraXml iOS-KoaraXml iOS Tests.release.xcconfig"; path = "Pods/Target Support Files/Pods-KoaraXml iOS-KoaraXml iOS Tests/Pods-KoaraXml iOS-KoaraXml iOS Tests.release.xcconfig"; sourceTree = "<group>"; };
		F2A8EE6264F531391259E62D /* Pods-KoaraHtml iOS.release.xcconfig */ = {isa = PBXFileReference; includeInIndex = 1; lastKnownFileType = text.xcconfig; name = "Pods-KoaraHtml iOS.release.xcconfig"; path = "Pods/Target Support Files/Pods-KoaraHtml iOS/Pods-KoaraHtml iOS.release.xcconfig"; sourceTree = "<group>"; };
		FF3ABF60AAED7AD51B6EEBC3 /* Pods_KoaraHtml_iOS.framework */ = {isa = PBXFileReference; explicitFileType = wrapper.framework; includeInIndex = 0; path = Pods_KoaraHtml_iOS.framework; sourceTree = BUILT_PRODUCTS_DIR; };
/* End PBXFileReference section */

/* Begin PBXFrameworksBuildPhase section */
		A1DA653E1F7A01DD00ABB93E /* Frameworks */ = {
			isa = PBXFrameworksBuildPhase;
			buildActionMask = 2147483647;
			files = (
				A18622421F82C01E0045DD15 /* Koara.framework in Frameworks */,
				ABA605A8B83C56144A4BC953 /* Pods_KoaraHtml_iOS.framework in Frameworks */,
				3C01171EFA39D702F432D029 /* Pods_KoaraXml_iOS.framework in Frameworks */,
			);
			runOnlyForDeploymentPostprocessing = 0;
		};
		A1DA65471F7A01DD00ABB93E /* Frameworks */ = {
			isa = PBXFrameworksBuildPhase;
			buildActionMask = 2147483647;
			files = (
				A1DA654B1F7A01DD00ABB93E /* KoaraHtml.framework in Frameworks */,
				9D9F87F0A9635EEB577AF484 /* Pods_KoaraHtml_iOS_KoaraHtml_iOS_Tests.framework in Frameworks */,
				E0BFFD01AEAE43F4F6033E60 /* Pods_KoaraXml_iOS_KoaraXml_iOS_Tests.framework in Frameworks */,
			);
			runOnlyForDeploymentPostprocessing = 0;
		};
/* End PBXFrameworksBuildPhase section */

/* Begin PBXGroup section */
		2E6C1EE85AC1670F1D284055 /* Pods */ = {
			isa = PBXGroup;
			children = (
				621F7E87C4395472758439D5 /* Pods-KoaraHtml iOS.debug.xcconfig */,
				F2A8EE6264F531391259E62D /* Pods-KoaraHtml iOS.release.xcconfig */,
				A1F3EF8C533778F3BC0DD674 /* Pods-KoaraHtml iOS-KoaraHtml iOS Tests.debug.xcconfig */,
				78C0442D06F150845127B57C /* Pods-KoaraHtml iOS-KoaraHtml iOS Tests.release.xcconfig */,
				C521064A677DFEC221167A49 /* Pods-KoaraXml iOS.debug.xcconfig */,
				7A14CF02B1FAFDA09E6DF065 /* Pods-KoaraXml iOS.release.xcconfig */,
				E929238C18D1A3CF011DCF9E /* Pods-KoaraXml iOS-KoaraXml iOS Tests.debug.xcconfig */,
				F16B77ED204622C8D07562C4 /* Pods-KoaraXml iOS-KoaraXml iOS Tests.release.xcconfig */,
			);
			name = Pods;
			sourceTree = "<group>";
		};
		3E511671FD400A68217518DB /* Frameworks */ = {
			isa = PBXGroup;
			children = (
				A18622411F82C01E0045DD15 /* Koara.framework */,
				FF3ABF60AAED7AD51B6EEBC3 /* Pods_KoaraHtml_iOS.framework */,
				BC62E1CDC401FE437052A6C7 /* Pods_KoaraHtml_iOS_KoaraHtml_iOS_Tests.framework */,
				4D4E21BE4E56D285AC2C05A6 /* Pods_KoaraXml_iOS.framework */,
				6E82305FC926E1786EAF58A0 /* Pods_KoaraXml_iOS_KoaraXml_iOS_Tests.framework */,
			);
			name = Frameworks;
			sourceTree = "<group>";
		};
		A1DA64BD1F76456800ABB93E = {
			isa = PBXGroup;
			children = (
				A1DA64C91F76456800ABB93E /* Source */,
				A1DA64D41F76456900ABB93E /* Tests */,
				A1DA64C81F76456800ABB93E /* Products */,
				2E6C1EE85AC1670F1D284055 /* Pods */,
				3E511671FD400A68217518DB /* Frameworks */,
			);
			sourceTree = "<group>";
		};
		A1DA64C81F76456800ABB93E /* Products */ = {
			isa = PBXGroup;
			children = (
				A1DA65421F7A01DD00ABB93E /* KoaraHtml.framework */,
				A1DA654A1F7A01DD00ABB93E /* KoaraXml iOS Tests.xctest */,
			);
			name = Products;
			sourceTree = "<group>";
		};
		A1DA64C91F76456800ABB93E /* Source */ = {
			isa = PBXGroup;
			children = (
				A1DA65091F764B9A00ABB93E /* Html5Renderer.swift */,
				A1DA650A1F764B9A00ABB93E /* Info.plist */,
				A1DA650B1F764B9A00ABB93E /* KoaraHtml.h */,
			);
			name = Source;
			path = KoaraHtml;
			sourceTree = "<group>";
		};
		A1DA64D41F76456900ABB93E /* Tests */ = {
			isa = PBXGroup;
			children = (
				A1DA653B1F7A00E800ABB93E /* ComplianceTests.swift */,
				A1DA650F1F764BD200ABB93E /* Html5RendererTests.swift */,
				A1DA65101F764BD200ABB93E /* Info.plist */,
			);
			name = Tests;
			path = KoaraHtmlTests;
			sourceTree = "<group>";
		};
/* End PBXGroup section */

/* Begin PBXHeadersBuildPhase section */
		A1DA653F1F7A01DD00ABB93E /* Headers */ = {
			isa = PBXHeadersBuildPhase;
			buildActionMask = 2147483647;
			files = (
				A1DA65811F7B517100ABB93E /* KoaraHtml.h in Headers */,
			);
			runOnlyForDeploymentPostprocessing = 0;
		};
/* End PBXHeadersBuildPhase section */

/* Begin PBXNativeTarget section */
		A1DA65411F7A01DD00ABB93E /* KoaraXml iOS */ = {
			isa = PBXNativeTarget;
			buildConfigurationList = A1DA65531F7A01DD00ABB93E /* Build configuration list for PBXNativeTarget "KoaraXml iOS" */;
			buildPhases = (
				35A8DAF6AAF47A6DF5111AF1 /* [CP] Check Pods Manifest.lock */,
				A1DA653D1F7A01DD00ABB93E /* Sources */,
				A1DA653E1F7A01DD00ABB93E /* Frameworks */,
				A1DA653F1F7A01DD00ABB93E /* Headers */,
				A1DA65401F7A01DD00ABB93E /* Resources */,
				A4AF50E20A67B7F1A9810375 /* [CP] Copy Pods Resources */,
			);
			buildRules = (
			);
			dependencies = (
			);
			name = "KoaraXml iOS";
			productName = "KoaraHtml iOS";
			productReference = A1DA65421F7A01DD00ABB93E /* KoaraHtml.framework */;
			productType = "com.apple.product-type.framework";
		};
		A1DA65491F7A01DD00ABB93E /* KoaraXml iOS Tests */ = {
			isa = PBXNativeTarget;
			buildConfigurationList = A1DA65561F7A01DD00ABB93E /* Build configuration list for PBXNativeTarget "KoaraXml iOS Tests" */;
			buildPhases = (
				F4A64185D765AB3783949076 /* [CP] Check Pods Manifest.lock */,
				A1DA65461F7A01DD00ABB93E /* Sources */,
				A1DA65471F7A01DD00ABB93E /* Frameworks */,
				A1DA65481F7A01DD00ABB93E /* Resources */,
				057D6A5FD556585F66F26847 /* [CP] Embed Pods Frameworks */,
				05873F927D0ABE56163F7554 /* [CP] Copy Pods Resources */,
			);
			buildRules = (
			);
			dependencies = (
				A1DA654D1F7A01DD00ABB93E /* PBXTargetDependency */,
			);
			name = "KoaraXml iOS Tests";
			productName = "KoaraHtml iOSTests";
			productReference = A1DA654A1F7A01DD00ABB93E /* KoaraXml iOS Tests.xctest */;
			productType = "com.apple.product-type.bundle.unit-test";
		};
/* End PBXNativeTarget section */

/* Begin PBXProject section */
		A1DA64BE1F76456800ABB93E /* Project object */ = {
			isa = PBXProject;
			attributes = {
				LastSwiftUpdateCheck = 0830;
				LastUpgradeCheck = 0830;
				ORGANIZATIONNAME = "Andy Van Den Heuvel";
				TargetAttributes = {
					A1DA65411F7A01DD00ABB93E = {
						CreatedOnToolsVersion = 8.3.3;
						DevelopmentTeam = 33THKT24T3;
						ProvisioningStyle = Automatic;
					};
					A1DA65491F7A01DD00ABB93E = {
						CreatedOnToolsVersion = 8.3.3;
						DevelopmentTeam = 33THKT24T3;
						ProvisioningStyle = Automatic;
					};
				};
			};
			buildConfigurationList = A1DA64C11F76456800ABB93E /* Build configuration list for PBXProject "KoaraXml" */;
			compatibilityVersion = "Xcode 3.2";
			developmentRegion = English;
			hasScannedForEncodings = 0;
			knownRegions = (
				en,
			);
			mainGroup = A1DA64BD1F76456800ABB93E;
			productRefGroup = A1DA64C81F76456800ABB93E /* Products */;
			projectDirPath = "";
			projectRoot = "";
			targets = (
				A1DA65411F7A01DD00ABB93E /* KoaraXml iOS */,
				A1DA65491F7A01DD00ABB93E /* KoaraXml iOS Tests */,
			);
		};
/* End PBXProject section */

/* Begin PBXResourcesBuildPhase section */
		A1DA65401F7A01DD00ABB93E /* Resources */ = {
			isa = PBXResourcesBuildPhase;
			buildActionMask = 2147483647;
			files = (
			);
			runOnlyForDeploymentPostprocessing = 0;
		};
		A1DA65481F7A01DD00ABB93E /* Resources */ = {
			isa = PBXResourcesBuildPhase;
			buildActionMask = 2147483647;
			files = (
			);
			runOnlyForDeploymentPostprocessing = 0;
		};
/* End PBXResourcesBuildPhase section */

/* Begin PBXShellScriptBuildPhase section */
		057D6A5FD556585F66F26847 /* [CP] Embed Pods Frameworks */ = {
			isa = PBXShellScriptBuildPhase;
			buildActionMask = 2147483647;
			files = (
			);
			inputPaths = (
				"${SRCROOT}/Pods/Target Support Files/Pods-KoaraXml iOS-KoaraXml iOS Tests/Pods-KoaraXml iOS-KoaraXml iOS Tests-frameworks.sh",
				"${BUILT_PRODUCTS_DIR}/Koara/Koara.framework",
				"${BUILT_PRODUCTS_DIR}/Nimble/Nimble.framework",
				"${BUILT_PRODUCTS_DIR}/Quick/Quick.framework",
			);
			name = "[CP] Embed Pods Frameworks";
			outputPaths = (
				"${TARGET_BUILD_DIR}/${FRAMEWORKS_FOLDER_PATH}/Koara.framework",
				"${TARGET_BUILD_DIR}/${FRAMEWORKS_FOLDER_PATH}/Nimble.framework",
				"${TARGET_BUILD_DIR}/${FRAMEWORKS_FOLDER_PATH}/Quick.framework",
			);
			runOnlyForDeploymentPostprocessing = 0;
			shellPath = /bin/sh;
			shellScript = "\"${SRCROOT}/Pods/Target Support Files/Pods-KoaraXml iOS-KoaraXml iOS Tests/Pods-KoaraXml iOS-KoaraXml iOS Tests-frameworks.sh\"\n";
			showEnvVarsInLog = 0;
		};
		05873F927D0ABE56163F7554 /* [CP] Copy Pods Resources */ = {
			isa = PBXShellScriptBuildPhase;
			buildActionMask = 2147483647;
			files = (
			);
			inputPaths = (
			);
			name = "[CP] Copy Pods Resources";
			outputPaths = (
			);
			runOnlyForDeploymentPostprocessing = 0;
			shellPath = /bin/sh;
			shellScript = "\"${SRCROOT}/Pods/Target Support Files/Pods-KoaraXml iOS-KoaraXml iOS Tests/Pods-KoaraXml iOS-KoaraXml iOS Tests-resources.sh\"\n";
			showEnvVarsInLog = 0;
		};
		35A8DAF6AAF47A6DF5111AF1 /* [CP] Check Pods Manifest.lock */ = {
			isa = PBXShellScriptBuildPhase;
			buildActionMask = 2147483647;
			files = (
			);
			inputPaths = (
				"${PODS_PODFILE_DIR_PATH}/Podfile.lock",
				"${PODS_ROOT}/Manifest.lock",
			);
			name = "[CP] Check Pods Manifest.lock";
			outputPaths = (
				"$(DERIVED_FILE_DIR)/Pods-KoaraXml iOS-checkManifestLockResult.txt",
			);
			runOnlyForDeploymentPostprocessing = 0;
			shellPath = /bin/sh;
			shellScript = "diff \"${PODS_PODFILE_DIR_PATH}/Podfile.lock\" \"${PODS_ROOT}/Manifest.lock\" > /dev/null\nif [ $? != 0 ] ; then\n    # print error to STDERR\n    echo \"error: The sandbox is not in sync with the Podfile.lock. Run 'pod install' or update your CocoaPods installation.\" >&2\n    exit 1\nfi\n# This output is used by Xcode 'outputs' to avoid re-running this script phase.\necho \"SUCCESS\" > \"${SCRIPT_OUTPUT_FILE_0}\"\n";
			showEnvVarsInLog = 0;
		};
		A4AF50E20A67B7F1A9810375 /* [CP] Copy Pods Resources */ = {
			isa = PBXShellScriptBuildPhase;
			buildActionMask = 2147483647;
			files = (
			);
			inputPaths = (
			);
			name = "[CP] Copy Pods Resources";
			outputPaths = (
			);
			runOnlyForDeploymentPostprocessing = 0;
			shellPath = /bin/sh;
			shellScript = "\"${SRCROOT}/Pods/Target Support Files/Pods-KoaraXml iOS/Pods-KoaraXml iOS-resources.sh\"\n";
			showEnvVarsInLog = 0;
		};
		F4A64185D765AB3783949076 /* [CP] Check Pods Manifest.lock */ = {
			isa = PBXShellScriptBuildPhase;
			buildActionMask = 2147483647;
			files = (
			);
			inputPaths = (
				"${PODS_PODFILE_DIR_PATH}/Podfile.lock",
				"${PODS_ROOT}/Manifest.lock",
			);
			name = "[CP] Check Pods Manifest.lock";
			outputPaths = (
				"$(DERIVED_FILE_DIR)/Pods-KoaraXml iOS-KoaraXml iOS Tests-checkManifestLockResult.txt",
			);
			runOnlyForDeploymentPostprocessing = 0;
			shellPath = /bin/sh;
			shellScript = "diff \"${PODS_PODFILE_DIR_PATH}/Podfile.lock\" \"${PODS_ROOT}/Manifest.lock\" > /dev/null\nif [ $? != 0 ] ; then\n    # print error to STDERR\n    echo \"error: The sandbox is not in sync with the Podfile.lock. Run 'pod install' or update your CocoaPods installation.\" >&2\n    exit 1\nfi\n# This output is used by Xcode 'outputs' to avoid re-running this script phase.\necho \"SUCCESS\" > \"${SCRIPT_OUTPUT_FILE_0}\"\n";
			showEnvVarsInLog = 0;
		};
/* End PBXShellScriptBuildPhase section */

/* Begin PBXSourcesBuildPhase section */
		A1DA653D1F7A01DD00ABB93E /* Sources */ = {
			isa = PBXSourcesBuildPhase;
			buildActionMask = 2147483647;
			files = (
				A1DA655C1F7B4E6F00ABB93E /* Html5Renderer.swift in Sources */,
			);
			runOnlyForDeploymentPostprocessing = 0;
		};
		A1DA65461F7A01DD00ABB93E /* Sources */ = {
			isa = PBXSourcesBuildPhase;
			buildActionMask = 2147483647;
			files = (
				A1DA65821F7B543600ABB93E /* Html5Renderer.swift in Sources */,
				A1DA65591F7A036D00ABB93E /* ComplianceTests.swift in Sources */,
				A1DA655A1F7A036D00ABB93E /* Html5RendererTests.swift in Sources */,
			);
			runOnlyForDeploymentPostprocessing = 0;
		};
/* End PBXSourcesBuildPhase section */

/* Begin PBXTargetDependency section */
		A1DA654D1F7A01DD00ABB93E /* PBXTargetDependency */ = {
			isa = PBXTargetDependency;
			target = A1DA65411F7A01DD00ABB93E /* KoaraXml iOS */;
			targetProxy = A1DA654C1F7A01DD00ABB93E /* PBXContainerItemProxy */;
		};
/* End PBXTargetDependency section */

/* Begin XCBuildConfiguration section */
		A1DA64D91F76456900ABB93E /* Debug */ = {
			isa = XCBuildConfiguration;
			buildSettings = {
				ALWAYS_EMBED_SWIFT_STANDARD_LIBRARIES = NO;
				ALWAYS_SEARCH_USER_PATHS = NO;
				CLANG_ANALYZER_NONNULL = YES;
				CLANG_ANALYZER_NUMBER_OBJECT_CONVERSION = YES_AGGRESSIVE;
				CLANG_CXX_LANGUAGE_STANDARD = "gnu++0x";
				CLANG_CXX_LIBRARY = "libc++";
				CLANG_ENABLE_MODULES = YES;
				CLANG_ENABLE_OBJC_ARC = YES;
				CLANG_WARN_BOOL_CONVERSION = YES;
				CLANG_WARN_CONSTANT_CONVERSION = YES;
				CLANG_WARN_DIRECT_OBJC_ISA_USAGE = YES_ERROR;
				CLANG_WARN_DOCUMENTATION_COMMENTS = YES;
				CLANG_WARN_EMPTY_BODY = YES;
				CLANG_WARN_ENUM_CONVERSION = YES;
				CLANG_WARN_INFINITE_RECURSION = YES;
				CLANG_WARN_INT_CONVERSION = YES;
				CLANG_WARN_OBJC_ROOT_CLASS = YES_ERROR;
				CLANG_WARN_SUSPICIOUS_MOVE = YES;
				CLANG_WARN_UNREACHABLE_CODE = YES;
				CLANG_WARN__DUPLICATE_METHOD_MATCH = YES;
				"CODE_SIGN_IDENTITY[sdk=iphoneos*]" = "iPhone Developer";
				COPY_PHASE_STRIP = NO;
				CURRENT_PROJECT_VERSION = 1;
				DEBUG_INFORMATION_FORMAT = dwarf;
				ENABLE_STRICT_OBJC_MSGSEND = YES;
				ENABLE_TESTABILITY = YES;
				GCC_C_LANGUAGE_STANDARD = gnu99;
				GCC_DYNAMIC_NO_PIC = NO;
				GCC_NO_COMMON_BLOCKS = YES;
				GCC_OPTIMIZATION_LEVEL = 0;
				GCC_PREPROCESSOR_DEFINITIONS = (
					"DEBUG=1",
					"$(inherited)",
				);
				GCC_WARN_64_TO_32_BIT_CONVERSION = YES;
				GCC_WARN_ABOUT_RETURN_TYPE = YES_ERROR;
				GCC_WARN_UNDECLARED_SELECTOR = YES;
				GCC_WARN_UNINITIALIZED_AUTOS = YES_AGGRESSIVE;
				GCC_WARN_UNUSED_FUNCTION = YES;
				GCC_WARN_UNUSED_VARIABLE = YES;
				IPHONEOS_DEPLOYMENT_TARGET = 10.3;
				MTL_ENABLE_DEBUG_INFO = YES;
				ONLY_ACTIVE_ARCH = YES;
				SDKROOT = iphoneos;
				SWIFT_ACTIVE_COMPILATION_CONDITIONS = DEBUG;
				SWIFT_OPTIMIZATION_LEVEL = "-Onone";
				TARGETED_DEVICE_FAMILY = "1,2";
				VERSIONING_SYSTEM = "apple-generic";
				VERSION_INFO_PREFIX = "";
			};
			name = Debug;
		};
		A1DA64DA1F76456900ABB93E /* Release */ = {
			isa = XCBuildConfiguration;
			buildSettings = {
				ALWAYS_EMBED_SWIFT_STANDARD_LIBRARIES = NO;
				ALWAYS_SEARCH_USER_PATHS = NO;
				CLANG_ANALYZER_NONNULL = YES;
				CLANG_ANALYZER_NUMBER_OBJECT_CONVERSION = YES_AGGRESSIVE;
				CLANG_CXX_LANGUAGE_STANDARD = "gnu++0x";
				CLANG_CXX_LIBRARY = "libc++";
				CLANG_ENABLE_MODULES = YES;
				CLANG_ENABLE_OBJC_ARC = YES;
				CLANG_WARN_BOOL_CONVERSION = YES;
				CLANG_WARN_CONSTANT_CONVERSION = YES;
				CLANG_WARN_DIRECT_OBJC_ISA_USAGE = YES_ERROR;
				CLANG_WARN_DOCUMENTATION_COMMENTS = YES;
				CLANG_WARN_EMPTY_BODY = YES;
				CLANG_WARN_ENUM_CONVERSION = YES;
				CLANG_WARN_INFINITE_RECURSION = YES;
				CLANG_WARN_INT_CONVERSION = YES;
				CLANG_WARN_OBJC_ROOT_CLASS = YES_ERROR;
				CLANG_WARN_SUSPICIOUS_MOVE = YES;
				CLANG_WARN_UNREACHABLE_CODE = YES;
				CLANG_WARN__DUPLICATE_METHOD_MATCH = YES;
				"CODE_SIGN_IDENTITY[sdk=iphoneos*]" = "iPhone Developer";
				COPY_PHASE_STRIP = NO;
				CURRENT_PROJECT_VERSION = 1;
				DEBUG_INFORMATION_FORMAT = "dwarf-with-dsym";
				ENABLE_NS_ASSERTIONS = NO;
				ENABLE_STRICT_OBJC_MSGSEND = YES;
				GCC_C_LANGUAGE_STANDARD = gnu99;
				GCC_NO_COMMON_BLOCKS = YES;
				GCC_WARN_64_TO_32_BIT_CONVERSION = YES;
				GCC_WARN_ABOUT_RETURN_TYPE = YES_ERROR;
				GCC_WARN_UNDECLARED_SELECTOR = YES;
				GCC_WARN_UNINITIALIZED_AUTOS = YES_AGGRESSIVE;
				GCC_WARN_UNUSED_FUNCTION = YES;
				GCC_WARN_UNUSED_VARIABLE = YES;
				IPHONEOS_DEPLOYMENT_TARGET = 10.3;
				MTL_ENABLE_DEBUG_INFO = NO;
				SDKROOT = iphoneos;
				SWIFT_OPTIMIZATION_LEVEL = "-Owholemodule";
				TARGETED_DEVICE_FAMILY = "1,2";
				VALIDATE_PRODUCT = YES;
				VERSIONING_SYSTEM = "apple-generic";
				VERSION_INFO_PREFIX = "";
			};
			name = Release;
		};
		A1DA65541F7A01DD00ABB93E /* Debug */ = {
			isa = XCBuildConfiguration;
			baseConfigurationReference = C521064A677DFEC221167A49 /* Pods-KoaraXml iOS.debug.xcconfig */;
			buildSettings = {
				ALWAYS_EMBED_SWIFT_STANDARD_LIBRARIES = NO;
				CODE_SIGN_IDENTITY = "";
				DEFINES_MODULE = YES;
				DEVELOPMENT_TEAM = 33THKT24T3;
				DYLIB_COMPATIBILITY_VERSION = 1;
				DYLIB_CURRENT_VERSION = 1;
				DYLIB_INSTALL_NAME_BASE = "@rpath";
				INFOPLIST_FILE = Source/Info.plist;
				INSTALL_PATH = "$(LOCAL_LIBRARY_DIR)/Frameworks";
				LD_RUNPATH_SEARCH_PATHS = "$(inherited) @executable_path/Frameworks @loader_path/Frameworks";
				PRODUCT_BUNDLE_IDENTIFIER = com.codeaddslife.koara.KoaraHtml;
				PRODUCT_NAME = KoaraHtml;
				SKIP_INSTALL = YES;
				SWIFT_VERSION = 3.0;
			};
			name = Debug;
		};
		A1DA65551F7A01DD00ABB93E /* Release */ = {
			isa = XCBuildConfiguration;
			baseConfigurationReference = 7A14CF02B1FAFDA09E6DF065 /* Pods-KoaraXml iOS.release.xcconfig */;
			buildSettings = {
				ALWAYS_EMBED_SWIFT_STANDARD_LIBRARIES = NO;
				CODE_SIGN_IDENTITY = "";
				DEFINES_MODULE = YES;
				DEVELOPMENT_TEAM = 33THKT24T3;
				DYLIB_COMPATIBILITY_VERSION = 1;
				DYLIB_CURRENT_VERSION = 1;
				DYLIB_INSTALL_NAME_BASE = "@rpath";
				INFOPLIST_FILE = Source/Info.plist;
				INSTALL_PATH = "$(LOCAL_LIBRARY_DIR)/Frameworks";
				LD_RUNPATH_SEARCH_PATHS = "$(inherited) @executable_path/Frameworks @loader_path/Frameworks";
				PRODUCT_BUNDLE_IDENTIFIER = com.codeaddslife.koara.KoaraHtml;
				PRODUCT_NAME = KoaraHtml;
				SKIP_INSTALL = YES;
				SWIFT_VERSION = 3.0;
			};
			name = Release;
		};
		A1DA65571F7A01DD00ABB93E /* Debug */ = {
			isa = XCBuildConfiguration;
			baseConfigurationReference = E929238C18D1A3CF011DCF9E /* Pods-KoaraXml iOS-KoaraXml iOS Tests.debug.xcconfig */;
			buildSettings = {
				ALWAYS_EMBED_SWIFT_STANDARD_LIBRARIES = YES;
				DEVELOPMENT_TEAM = 33THKT24T3;
				INFOPLIST_FILE = Tests/Info.plist;
				LD_RUNPATH_SEARCH_PATHS = "$(inherited) @executable_path/Frameworks @loader_path/Frameworks";
				PRODUCT_BUNDLE_IDENTIFIER = "com.codeaddslife.koara.KoaraHtml-iOSTests";
				PRODUCT_NAME = "$(TARGET_NAME)";
				SWIFT_VERSION = 3.0;
			};
			name = Debug;
		};
		A1DA65581F7A01DD00ABB93E /* Release */ = {
			isa = XCBuildConfiguration;
			baseConfigurationReference = F16B77ED204622C8D07562C4 /* Pods-KoaraXml iOS-KoaraXml iOS Tests.release.xcconfig */;
			buildSettings = {
				ALWAYS_EMBED_SWIFT_STANDARD_LIBRARIES = YES;
				DEVELOPMENT_TEAM = 33THKT24T3;
				INFOPLIST_FILE = Tests/Info.plist;
				LD_RUNPATH_SEARCH_PATHS = "$(inherited) @executable_path/Frameworks @loader_path/Frameworks";
				PRODUCT_BUNDLE_IDENTIFIER = "com.codeaddslife.koara.KoaraHtml-iOSTests";
				PRODUCT_NAME = "$(TARGET_NAME)";
				SWIFT_VERSION = 3.0;
			};
			name = Release;
		};
/* End XCBuildConfiguration section */

/* Begin XCConfigurationList section */
		A1DA64C11F76456800ABB93E /* Build configuration list for PBXProject "KoaraXml" */ = {
			isa = XCConfigurationList;
			buildConfigurations = (
				A1DA64D91F76456900ABB93E /* Debug */,
				A1DA64DA1F76456900ABB93E /* Release */,
			);
			defaultConfigurationIsVisible = 0;
			defaultConfigurationName = Release;
		};
		A1DA65531F7A01DD00ABB93E /* Build configuration list for PBXNativeTarget "KoaraXml iOS" */ = {
			isa = XCConfigurationList;
			buildConfigurations = (
				A1DA65541F7A01DD00ABB93E /* Debug */,
				A1DA65551F7A01DD00ABB93E /* Release */,
			);
			defaultConfigurationIsVisible = 0;
			defaultConfigurationName = Release;
		};
		A1DA65561F7A01DD00ABB93E /* Build configuration list for PBXNativeTarget "KoaraXml iOS Tests" */ = {
			isa = XCConfigurationList;
			buildConfigurations = (
				A1DA65571F7A01DD00ABB93E /* Debug */,
				A1DA65581F7A01DD00ABB93E /* Release */,
			);
			defaultConfigurationIsVisible = 0;
			defaultConfigurationName = Release;
		};
/* End XCConfigurationList section */
	};
	rootObject = A1DA64BE1F76456800ABB93E /* Project object */;
}
